
Microsoft Visual Studio Solution File, Format Version 12.00
# Visual Studio 15
VisualStudioVersion = 15.0.26124.0
MinimumVisualStudioVersion = 15.0.26124.0
Project("{FAE04EC0-301F-11D3-BF4B-00C04F79EFBC}") = "WebApplication2", "WebApplication2\WebApplication2.csproj", "{A899D3A8-77A4-41A1-9929-A8CD759CD55B}"
EndProject
Project("{FAE04EC0-301F-11D3-BF4B-00C04F79EFBC}") = "WelcomePage", "WelcomePage\WelcomePage.csproj", "{3702978D-7F4E-4A7D-91D8-8CB6E87BE22E}"
EndProject
Project("{FAE04EC0-301F-11D3-BF4B-00C04F79EFBC}") = "StaticSite", "StaticSite\StaticSite.csproj", "{4DD851AF-1271-4018-BCAA-0F3691C22C0C}"
EndProject
Project("{FAE04EC0-301F-11D3-BF4B-00C04F79EFBC}") = "MVCWebApp", "MVCWebApp\MVCWebApp.csproj", "{050DD155-DFF0-427F-81DD-D306E3EBC7C2}"
EndProject
Project("{FAE04EC0-301F-11D3-BF4B-00C04F79EFBC}") = "ExceptionHandling", "ExceptionHandling\ExceptionHandling.csproj", "{FA7D633F-1E62-4FB6-BAFE-F826AEE9A361}"
EndProject
Project("{FAE04EC0-301F-11D3-BF4B-00C04F79EFBC}") = "AddingMVCToEmptyProject", "AddingMVCToEmptyProject\AddingMVCToEmptyProject.csproj", "{06B7CE28-A9E4-465E-855A-5CF451B17145}"
EndProject
Project("{FAE04EC0-301F-11D3-BF4B-00C04F79EFBC}") = "AddingRazorViews", "AddingRazorViews\AddingRazorViews.csproj", "{3586FC68-4715-45EA-A445-31B51D3E4442}"
EndProject
Project("{FAE04EC0-301F-11D3-BF4B-00C04F79EFBC}") = "PassingData", "PassingData\PassingData.csproj", "{231849CB-F933-49A5-8970-82E3FC773A11}"
EndProject
Project("{FAE04EC0-301F-11D3-BF4B-00C04F79EFBC}") = "UsingLayouts", "UsingLayouts\UsingLayouts.csproj", "{7E3778DD-9E59-40EF-8FC8-4ECDF689D690}"
EndProject
Project("{FAE04EC0-301F-11D3-BF4B-00C04F79EFBC}") = "CurrencyConverterTagHelpers", "CurrencyConverterTagHelpers\CurrencyConverterTagHelpers.csproj", "{BF274D9F-ED9C-46D0-B259-3C3E30D2D439}"
EndProject
Global
	GlobalSection(SolutionConfigurationPlatforms) = preSolution
		Debug|Any CPU = Debug|Any CPU
		Debug|x64 = Debug|x64
		Debug|x86 = Debug|x86
		Release|Any CPU = Release|Any CPU
		Release|x64 = Release|x64
		Release|x86 = Release|x86
	EndGlobalSection
	GlobalSection(SolutionProperties) = preSolution
		HideSolutionNode = FALSE
	EndGlobalSection
	GlobalSection(ProjectConfigurationPlatforms) = postSolution
		{A899D3A8-77A4-41A1-9929-A8CD759CD55B}.Debug|Any CPU.ActiveCfg = Debug|Any CPU
		{A899D3A8-77A4-41A1-9929-A8CD759CD55B}.Debug|Any CPU.Build.0 = Debug|Any CPU
		{A899D3A8-77A4-41A1-9929-A8CD759CD55B}.Debug|x64.ActiveCfg = Debug|Any CPU
		{A899D3A8-77A4-41A1-9929-A8CD759CD55B}.Debug|x64.Build.0 = Debug|Any CPU
		{A899D3A8-77A4-41A1-9929-A8CD759CD55B}.Debug|x86.ActiveCfg = Debug|Any CPU
		{A899D3A8-77A4-41A1-9929-A8CD759CD55B}.Debug|x86.Build.0 = Debug|Any CPU
		{A899D3A8-77A4-41A1-9929-A8CD759CD55B}.Release|Any CPU.ActiveCfg = Release|Any CPU
		{A899D3A8-77A4-41A1-9929-A8CD759CD55B}.Release|Any CPU.Build.0 = Release|Any CPU
		{A899D3A8-77A4-41A1-9929-A8CD759CD55B}.Release|x64.ActiveCfg = Release|Any CPU
		{A899D3A8-77A4-41A1-9929-A8CD759CD55B}.Release|x64.Build.0 = Release|Any CPU
		{A899D3A8-77A4-41A1-9929-A8CD759CD55B}.Release|x86.ActiveCfg = Release|Any CPU
		{A899D3A8-77A4-41A1-9929-A8CD759CD55B}.Release|x86.Build.0 = Release|Any CPU
		{3702978D-7F4E-4A7D-91D8-8CB6E87BE22E}.Debug|Any CPU.ActiveCfg = Debug|Any CPU
		{3702978D-7F4E-4A7D-91D8-8CB6E87BE22E}.Debug|Any CPU.Build.0 = Debug|Any CPU
		{3702978D-7F4E-4A7D-91D8-8CB6E87BE22E}.Debug|x64.ActiveCfg = Debug|Any CPU
		{3702978D-7F4E-4A7D-91D8-8CB6E87BE22E}.Debug|x64.Build.0 = Debug|Any CPU
		{3702978D-7F4E-4A7D-91D8-8CB6E87BE22E}.Debug|x86.ActiveCfg = Debug|Any CPU
		{3702978D-7F4E-4A7D-91D8-8CB6E87BE22E}.Debug|x86.Build.0 = Debug|Any CPU
		{3702978D-7F4E-4A7D-91D8-8CB6E87BE22E}.Release|Any CPU.ActiveCfg = Release|Any CPU
		{3702978D-7F4E-4A7D-91D8-8CB6E87BE22E}.Release|Any CPU.Build.0 = Release|Any CPU
		{3702978D-7F4E-4A7D-91D8-8CB6E87BE22E}.Release|x64.ActiveCfg = Release|Any CPU
		{3702978D-7F4E-4A7D-91D8-8CB6E87BE22E}.Release|x64.Build.0 = Release|Any CPU
		{3702978D-7F4E-4A7D-91D8-8CB6E87BE22E}.Release|x86.ActiveCfg = Release|Any CPU
		{3702978D-7F4E-4A7D-91D8-8CB6E87BE22E}.Release|x86.Build.0 = Release|Any CPU
		{4DD851AF-1271-4018-BCAA-0F3691C22C0C}.Debug|Any CPU.ActiveCfg = Debug|Any CPU
		{4DD851AF-1271-4018-BCAA-0F3691C22C0C}.Debug|Any CPU.Build.0 = Debug|Any CPU
		{4DD851AF-1271-4018-BCAA-0F3691C22C0C}.Debug|x64.ActiveCfg = Debug|Any CPU
		{4DD851AF-1271-4018-BCAA-0F3691C22C0C}.Debug|x64.Build.0 = Debug|Any CPU
		{4DD851AF-1271-4018-BCAA-0F3691C22C0C}.Debug|x86.ActiveCfg = Debug|Any CPU
		{4DD851AF-1271-4018-BCAA-0F3691C22C0C}.Debug|x86.Build.0 = Debug|Any CPU
		{4DD851AF-1271-4018-BCAA-0F3691C22C0C}.Release|Any CPU.ActiveCfg = Release|Any CPU
		{4DD851AF-1271-4018-BCAA-0F3691C22C0C}.Release|Any CPU.Build.0 = Release|Any CPU
		{4DD851AF-1271-4018-BCAA-0F3691C22C0C}.Release|x64.ActiveCfg = Release|Any CPU
		{4DD851AF-1271-4018-BCAA-0F3691C22C0C}.Release|x64.Build.0 = Release|Any CPU
		{4DD851AF-1271-4018-BCAA-0F3691C22C0C}.Release|x86.ActiveCfg = Release|Any CPU
		{4DD851AF-1271-4018-BCAA-0F3691C22C0C}.Release|x86.Build.0 = Release|Any CPU
		{050DD155-DFF0-427F-81DD-D306E3EBC7C2}.Debug|Any CPU.ActiveCfg = Debug|Any CPU
		{050DD155-DFF0-427F-81DD-D306E3EBC7C2}.Debug|Any CPU.Build.0 = Debug|Any CPU
		{050DD155-DFF0-427F-81DD-D306E3EBC7C2}.Debug|x64.ActiveCfg = Debug|Any CPU
		{050DD155-DFF0-427F-81DD-D306E3EBC7C2}.Debug|x64.Build.0 = Debug|Any CPU
		{050DD155-DFF0-427F-81DD-D306E3EBC7C2}.Debug|x86.ActiveCfg = Debug|Any CPU
		{050DD155-DFF0-427F-81DD-D306E3EBC7C2}.Debug|x86.Build.0 = Debug|Any CPU
		{050DD155-DFF0-427F-81DD-D306E3EBC7C2}.Release|Any CPU.ActiveCfg = Release|Any CPU
		{050DD155-DFF0-427F-81DD-D306E3EBC7C2}.Release|Any CPU.Build.0 = Release|Any CPU
		{050DD155-DFF0-427F-81DD-D306E3EBC7C2}.Release|x64.ActiveCfg = Release|Any CPU
		{050DD155-DFF0-427F-81DD-D306E3EBC7C2}.Release|x64.Build.0 = Release|Any CPU
		{050DD155-DFF0-427F-81DD-D306E3EBC7C2}.Release|x86.ActiveCfg = Release|Any CPU
		{050DD155-DFF0-427F-81DD-D306E3EBC7C2}.Release|x86.Build.0 = Release|Any CPU
		{FA7D633F-1E62-4FB6-BAFE-F826AEE9A361}.Debug|Any CPU.ActiveCfg = Debug|Any CPU
		{FA7D633F-1E62-4FB6-BAFE-F826AEE9A361}.Debug|Any CPU.Build.0 = Debug|Any CPU
		{FA7D633F-1E62-4FB6-BAFE-F826AEE9A361}.Debug|x64.ActiveCfg = Debug|Any CPU
		{FA7D633F-1E62-4FB6-BAFE-F826AEE9A361}.Debug|x64.Build.0 = Debug|Any CPU
		{FA7D633F-1E62-4FB6-BAFE-F826AEE9A361}.Debug|x86.ActiveCfg = Debug|Any CPU
		{FA7D633F-1E62-4FB6-BAFE-F826AEE9A361}.Debug|x86.Build.0 = Debug|Any CPU
		{FA7D633F-1E62-4FB6-BAFE-F826AEE9A361}.Release|Any CPU.ActiveCfg = Release|Any CPU
		{FA7D633F-1E62-4FB6-BAFE-F826AEE9A361}.Release|Any CPU.Build.0 = Release|Any CPU
		{FA7D633F-1E62-4FB6-BAFE-F826AEE9A361}.Release|x64.ActiveCfg = Release|Any CPU
		{FA7D633F-1E62-4FB6-BAFE-F826AEE9A361}.Release|x64.Build.0 = Release|Any CPU
		{FA7D633F-1E62-4FB6-BAFE-F826AEE9A361}.Release|x86.ActiveCfg = Release|Any CPU
		{FA7D633F-1E62-4FB6-BAFE-F826AEE9A361}.Release|x86.Build.0 = Release|Any CPU
		{06B7CE28-A9E4-465E-855A-5CF451B17145}.Debug|Any CPU.ActiveCfg = Debug|Any CPU
		{06B7CE28-A9E4-465E-855A-5CF451B17145}.Debug|Any CPU.Build.0 = Debug|Any CPU
		{06B7CE28-A9E4-465E-855A-5CF451B17145}.Debug|x64.ActiveCfg = Debug|Any CPU
		{06B7CE28-A9E4-465E-855A-5CF451B17145}.Debug|x64.Build.0 = Debug|Any CPU
		{06B7CE28-A9E4-465E-855A-5CF451B17145}.Debug|x86.ActiveCfg = Debug|Any CPU
		{06B7CE28-A9E4-465E-855A-5CF451B17145}.Debug|x86.Build.0 = Debug|Any CPU
		{06B7CE28-A9E4-465E-855A-5CF451B17145}.Release|Any CPU.ActiveCfg = Release|Any CPU
		{06B7CE28-A9E4-465E-855A-5CF451B17145}.Release|Any CPU.Build.0 = Release|Any CPU
		{06B7CE28-A9E4-465E-855A-5CF451B17145}.Release|x64.ActiveCfg = Release|Any CPU
		{06B7CE28-A9E4-465E-855A-5CF451B17145}.Release|x64.Build.0 = Release|Any CPU
		{06B7CE28-A9E4-465E-855A-5CF451B17145}.Release|x86.ActiveCfg = Release|Any CPU
		{06B7CE28-A9E4-465E-855A-5CF451B17145}.Release|x86.Build.0 = Release|Any CPU
		{3586FC68-4715-45EA-A445-31B51D3E4442}.Debug|Any CPU.ActiveCfg = Debug|Any CPU
		{3586FC68-4715-45EA-A445-31B51D3E4442}.Debug|Any CPU.Build.0 = Debug|Any CPU
		{3586FC68-4715-45EA-A445-31B51D3E4442}.Debug|x64.ActiveCfg = Debug|Any CPU
		{3586FC68-4715-45EA-A445-31B51D3E4442}.Debug|x64.Build.0 = Debug|Any CPU
		{3586FC68-4715-45EA-A445-31B51D3E4442}.Debug|x86.ActiveCfg = Debug|Any CPU
		{3586FC68-4715-45EA-A445-31B51D3E4442}.Debug|x86.Build.0 = Debug|Any CPU
		{3586FC68-4715-45EA-A445-31B51D3E4442}.Release|Any CPU.ActiveCfg = Release|Any CPU
		{3586FC68-4715-45EA-A445-31B51D3E4442}.Release|Any CPU.Build.0 = Release|Any CPU
		{3586FC68-4715-45EA-A445-31B51D3E4442}.Release|x64.ActiveCfg = Release|Any CPU
		{3586FC68-4715-45EA-A445-31B51D3E4442}.Release|x64.Build.0 = Release|Any CPU
		{3586FC68-4715-45EA-A445-31B51D3E4442}.Release|x86.ActiveCfg = Release|Any CPU
		{3586FC68-4715-45EA-A445-31B51D3E4442}.Release|x86.Build.0 = Release|Any CPU
		{231849CB-F933-49A5-8970-82E3FC773A11}.Debug|Any CPU.ActiveCfg = Debug|Any CPU
		{231849CB-F933-49A5-8970-82E3FC773A11}.Debug|Any CPU.Build.0 = Debug|Any CPU
		{231849CB-F933-49A5-8970-82E3FC773A11}.Debug|x64.ActiveCfg = Debug|Any CPU
		{231849CB-F933-49A5-8970-82E3FC773A11}.Debug|x64.Build.0 = Debug|Any CPU
		{231849CB-F933-49A5-8970-82E3FC773A11}.Debug|x86.ActiveCfg = Debug|Any CPU
		{231849CB-F933-49A5-8970-82E3FC773A11}.Debug|x86.Build.0 = Debug|Any CPU
		{231849CB-F933-49A5-8970-82E3FC773A11}.Release|Any CPU.ActiveCfg = Release|Any CPU
		{231849CB-F933-49A5-8970-82E3FC773A11}.Release|Any CPU.Build.0 = Release|Any CPU
		{231849CB-F933-49A5-8970-82E3FC773A11}.Release|x64.ActiveCfg = Release|Any CPU
		{231849CB-F933-49A5-8970-82E3FC773A11}.Release|x64.Build.0 = Release|Any CPU
		{231849CB-F933-49A5-8970-82E3FC773A11}.Release|x86.ActiveCfg = Release|Any CPU
		{231849CB-F933-49A5-8970-82E3FC773A11}.Release|x86.Build.0 = Release|Any CPU
		{7E3778DD-9E59-40EF-8FC8-4ECDF689D690}.Debug|Any CPU.ActiveCfg = Debug|Any CPU
		{7E3778DD-9E59-40EF-8FC8-4ECDF689D690}.Debug|Any CPU.Build.0 = Debug|Any CPU
		{7E3778DD-9E59-40EF-8FC8-4ECDF689D690}.Debug|x64.ActiveCfg = Debug|Any CPU
		{7E3778DD-9E59-40EF-8FC8-4ECDF689D690}.Debug|x64.Build.0 = Debug|Any CPU
		{7E3778DD-9E59-40EF-8FC8-4ECDF689D690}.Debug|x86.ActiveCfg = Debug|Any CPU
		{7E3778DD-9E59-40EF-8FC8-4ECDF689D690}.Debug|x86.Build.0 = Debug|Any CPU
		{7E3778DD-9E59-40EF-8FC8-4ECDF689D690}.Release|Any CPU.ActiveCfg = Release|Any CPU
		{7E3778DD-9E59-40EF-8FC8-4ECDF689D690}.Release|Any CPU.Build.0 = Release|Any CPU
		{7E3778DD-9E59-40EF-8FC8-4ECDF689D690}.Release|x64.ActiveCfg = Release|Any CPU
		{7E3778DD-9E59-40EF-8FC8-4ECDF689D690}.Release|x64.Build.0 = Release|Any CPU
		{7E3778DD-9E59-40EF-8FC8-4ECDF689D690}.Release|x86.ActiveCfg = Release|Any CPU
		{7E3778DD-9E59-40EF-8FC8-4ECDF689D690}.Release|x86.Build.0 = Release|Any CPU
		{BF274D9F-ED9C-46D0-B259-3C3E30D2D439}.Debug|Any CPU.ActiveCfg = Debug|Any CPU
		{BF274D9F-ED9C-46D0-B259-3C3E30D2D439}.Debug|Any CPU.Build.0 = Debug|Any CPU
		{BF274D9F-ED9C-46D0-B259-3C3E30D2D439}.Debug|x64.ActiveCfg = Debug|Any CPU
		{BF274D9F-ED9C-46D0-B259-3C3E30D2D439}.Debug|x64.Build.0 = Debug|Any CPU
		{BF274D9F-ED9C-46D0-B259-3C3E30D2D439}.Debug|x86.ActiveCfg = Debug|Any CPU
		{BF274D9F-ED9C-46D0-B259-3C3E30D2D439}.Debug|x86.Build.0 = Debug|Any CPU
		{BF274D9F-ED9C-46D0-B259-3C3E30D2D439}.Release|Any CPU.ActiveCfg = Release|Any CPU
		{BF274D9F-ED9C-46D0-B259-3C3E30D2D439}.Release|Any CPU.Build.0 = Release|Any CPU
		{BF274D9F-ED9C-46D0-B259-3C3E30D2D439}.Release|x64.ActiveCfg = Release|Any CPU
		{BF274D9F-ED9C-46D0-B259-3C3E30D2D439}.Release|x64.Build.0 = Release|Any CPU
		{BF274D9F-ED9C-46D0-B259-3C3E30D2D439}.Release|x86.ActiveCfg = Release|Any CPU
		{BF274D9F-ED9C-46D0-B259-3C3E30D2D439}.Release|x86.Build.0 = Release|Any CPU
	EndGlobalSection
EndGlobal
